// !$*UTF8*$!
{
	archiveVersion = 1;
	classes = {
	};
	objectVersion = 55;
	objects = {

/* Begin PBXBuildFile section */
		43395D6D286B9A4500F5AF10 /* AppDelegate.swift in Sources */ = {isa = PBXBuildFile; fileRef = 43395D6C286B9A4500F5AF10 /* AppDelegate.swift */; };
		43395D6F286B9A4500F5AF10 /* SceneDelegate.swift in Sources */ = {isa = PBXBuildFile; fileRef = 43395D6E286B9A4500F5AF10 /* SceneDelegate.swift */; };
		43395D71286B9A4500F5AF10 /* ViewController.swift in Sources */ = {isa = PBXBuildFile; fileRef = 43395D70286B9A4500F5AF10 /* ViewController.swift */; };
		43395D74286B9A4500F5AF10 /* Main.storyboard in Resources */ = {isa = PBXBuildFile; fileRef = 43395D72286B9A4500F5AF10 /* Main.storyboard */; };
		43395D76286B9A4700F5AF10 /* Assets.xcassets in Resources */ = {isa = PBXBuildFile; fileRef = 43395D75286B9A4700F5AF10 /* Assets.xcassets */; };
		43395D79286B9A4700F5AF10 /* LaunchScreen.storyboard in Resources */ = {isa = PBXBuildFile; fileRef = 43395D77286B9A4700F5AF10 /* LaunchScreen.storyboard */; };
		43395D84286B9A4700F5AF10 /* rgbtohexTests.swift in Sources */ = {isa = PBXBuildFile; fileRef = 43395D83286B9A4700F5AF10 /* rgbtohexTests.swift */; };
		43395D8E286B9A4700F5AF10 /* rgbtohexUITests.swift in Sources */ = {isa = PBXBuildFile; fileRef = 43395D8D286B9A4700F5AF10 /* rgbtohexUITests.swift */; };
		43395D90286B9A4700F5AF10 /* rgbtohexUITestsLaunchTests.swift in Sources */ = {isa = PBXBuildFile; fileRef = 43395D8F286B9A4700F5AF10 /* rgbtohexUITestsLaunchTests.swift */; };
/* End PBXBuildFile section */

/* Begin PBXContainerItemProxy section */
		43395D80286B9A4700F5AF10 /* PBXContainerItemProxy */ = {
			isa = PBXContainerItemProxy;
			containerPortal = 43395D61286B9A4500F5AF10 /* Project object */;
			proxyType = 1;
			remoteGlobalIDString = 43395D68286B9A4500F5AF10;
			remoteInfo = rgbtohex;
		};
		43395D8A286B9A4700F5AF10 /* PBXContainerItemProxy */ = {
			isa = PBXContainerItemProxy;
			containerPortal = 43395D61286B9A4500F5AF10 /* Project object */;
			proxyType = 1;
			remoteGlobalIDString = 43395D68286B9A4500F5AF10;
			remoteInfo = rgbtohex;
		};
/* End PBXContainerItemProxy section */

/* Begin PBXFileReference section */
		43395D69286B9A4500F5AF10 /* rgbtohex.app */ = {isa = PBXFileReference; explicitFileType = wrapper.application; includeInIndex = 0; path = rgbtohex.app; sourceTree = BUILT_PRODUCTS_DIR; };
		43395D6C286B9A4500F5AF10 /* AppDelegate.swift */ = {isa = PBXFileReference; lastKnownFileType = sourcecode.swift; path = AppDelegate.swift; sourceTree = "<group>"; };
		43395D6E286B9A4500F5AF10 /* SceneDelegate.swift */ = {isa = PBXFileReference; lastKnownFileType = sourcecode.swift; path = SceneDelegate.swift; sourceTree = "<group>"; };
		43395D70286B9A4500F5AF10 /* ViewController.swift */ = {isa = PBXFileReference; lastKnownFileType = sourcecode.swift; path = ViewController.swift; sourceTree = "<group>"; };
		43395D73286B9A4500F5AF10 /* Base */ = {isa = PBXFileReference; lastKnownFileType = file.storyboard; name = Base; path = Base.lproj/Main.storyboard; sourceTree = "<group>"; };
		43395D75286B9A4700F5AF10 /* Assets.xcassets */ = {isa = PBXFileReference; lastKnownFileType = folder.assetcatalog; path = Assets.xcassets; sourceTree = "<group>"; };
		43395D78286B9A4700F5AF10 /* Base */ = {isa = PBXFileReference; lastKnownFileType = file.storyboard; name = Base; path = Base.lproj/LaunchScreen.storyboard; sourceTree = "<group>"; };
		43395D7A286B9A4700F5AF10 /* Info.plist */ = {isa = PBXFileReference; lastKnownFileType = text.plist.xml; path = Info.plist; sourceTree = "<group>"; };
		43395D7F286B9A4700F5AF10 /* rgbtohexTests.xctest */ = {isa = PBXFileReference; explicitFileType = wrapper.cfbundle; includeInIndex = 0; path = rgbtohexTests.xctest; sourceTree = BUILT_PRODUCTS_DIR; };
		43395D83286B9A4700F5AF10 /* rgbtohexTests.swift */ = {isa = PBXFileReference; lastKnownFileType = sourcecode.swift; path = rgbtohexTests.swift; sourceTree = "<group>"; };
		43395D89286B9A4700F5AF10 /* rgbtohexUITests.xctest */ = {isa = PBXFileReference; explicitFileType = wrapper.cfbundle; includeInIndex = 0; path = rgbtohexUITests.xctest; sourceTree = BUILT_PRODUCTS_DIR; };
		43395D8D286B9A4700F5AF10 /* rgbtohexUITests.swift */ = {isa = PBXFileReference; lastKnownFileType = sourcecode.swift; path = rgbtohexUITests.swift; sourceTree = "<group>"; };
		43395D8F286B9A4700F5AF10 /* rgbtohexUITestsLaunchTests.swift */ = {isa = PBXFileReference; lastKnownFileType = sourcecode.swift; path = rgbtohexUITestsLaunchTests.swift; sourceTree = "<group>"; };
/* End PBXFileReference section */

/* Begin PBXFrameworksBuildPhase section */
		43395D66286B9A4500F5AF10 /* Frameworks */ = {
			isa = PBXFrameworksBuildPhase;
			buildActionMask = 2147483647;
			files = (
			);
			runOnlyForDeploymentPostprocessing = 0;
		};
		43395D7C286B9A4700F5AF10 /* Frameworks */ = {
			isa = PBXFrameworksBuildPhase;
			buildActionMask = 2147483647;
			files = (
			);
			runOnlyForDeploymentPostprocessing = 0;
		};
		43395D86286B9A4700F5AF10 /* Frameworks */ = {
			isa = PBXFrameworksBuildPhase;
			buildActionMask = 2147483647;
			files = (
			);
			runOnlyForDeploymentPostprocessing = 0;
		};
/* End PBXFrameworksBuildPhase section */

/* Begin PBXGroup section */
		43395D60286B9A4500F5AF10 = {
			isa = PBXGroup;
			children = (
				43395D6B286B9A4500F5AF10 /* rgbtohex */,
				43395D82286B9A4700F5AF10 /* rgbtohexTests */,
				43395D8C286B9A4700F5AF10 /* rgbtohexUITests */,
				43395D6A286B9A4500F5AF10 /* Products */,
			);
			sourceTree = "<group>";
		};
		43395D6A286B9A4500F5AF10 /* Products */ = {
			isa = PBXGroup;
			children = (
				43395D69286B9A4500F5AF10 /* rgbtohex.app */,
				43395D7F286B9A4700F5AF10 /* rgbtohexTests.xctest */,
				43395D89286B9A4700F5AF10 /* rgbtohexUITests.xctest */,
			);
			name = Products;
			sourceTree = "<group>";
		};
		43395D6B286B9A4500F5AF10 /* rgbtohex */ = {
			isa = PBXGroup;
			children = (
				43395D6C286B9A4500F5AF10 /* AppDelegate.swift */,
				43395D6E286B9A4500F5AF10 /* SceneDelegate.swift */,
				43395D70286B9A4500F5AF10 /* ViewController.swift */,
				43395D72286B9A4500F5AF10 /* Main.storyboard */,
				43395D75286B9A4700F5AF10 /* Assets.xcassets */,
				43395D77286B9A4700F5AF10 /* LaunchScreen.storyboard */,
				43395D7A286B9A4700F5AF10 /* Info.plist */,
			);
			path = rgbtohex;
			sourceTree = "<group>";
		};
		43395D82286B9A4700F5AF10 /* rgbtohexTests */ = {
			isa = PBXGroup;
			children = (
				43395D83286B9A4700F5AF10 /* rgbtohexTests.swift */,
			);
			path = rgbtohexTests;
			sourceTree = "<group>";
		};
		43395D8C286B9A4700F5AF10 /* rgbtohexUITests */ = {
			isa = PBXGroup;
			children = (
				43395D8D286B9A4700F5AF10 /* rgbtohexUITests.swift */,
				43395D8F286B9A4700F5AF10 /* rgbtohexUITestsLaunchTests.swift */,
			);
			path = rgbtohexUITests;
			sourceTree = "<group>";
		};
/* End PBXGroup section */

/* Begin PBXNativeTarget section */
		43395D68286B9A4500F5AF10 /* rgbtohex */ = {
			isa = PBXNativeTarget;
			buildConfigurationList = 43395D93286B9A4700F5AF10 /* Build configuration list for PBXNativeTarget "rgbtohex" */;
			buildPhases = (
				43395D65286B9A4500F5AF10 /* Sources */,
				43395D66286B9A4500F5AF10 /* Frameworks */,
				43395D67286B9A4500F5AF10 /* Resources */,
			);
			buildRules = (
			);
			dependencies = (
			);
			name = rgbtohex;
			productName = rgbtohex;
			productReference = 43395D69286B9A4500F5AF10 /* rgbtohex.app */;
			productType = "com.apple.product-type.application";
		};
		43395D7E286B9A4700F5AF10 /* rgbtohexTests */ = {
			isa = PBXNativeTarget;
			buildConfigurationList = 43395D96286B9A4700F5AF10 /* Build configuration list for PBXNativeTarget "rgbtohexTests" */;
			buildPhases = (
				43395D7B286B9A4700F5AF10 /* Sources */,
				43395D7C286B9A4700F5AF10 /* Frameworks */,
				43395D7D286B9A4700F5AF10 /* Resources */,
			);
			buildRules = (
			);
			dependencies = (
				43395D81286B9A4700F5AF10 /* PBXTargetDependency */,
			);
			name = rgbtohexTests;
			productName = rgbtohexTests;
			productReference = 43395D7F286B9A4700F5AF10 /* rgbtohexTests.xctest */;
			productType = "com.apple.product-type.bundle.unit-test";
		};
		43395D88286B9A4700F5AF10 /* rgbtohexUITests */ = {
			isa = PBXNativeTarget;
			buildConfigurationList = 43395D99286B9A4700F5AF10 /* Build configuration list for PBXNativeTarget "rgbtohexUITests" */;
			buildPhases = (
				43395D85286B9A4700F5AF10 /* Sources */,
				43395D86286B9A4700F5AF10 /* Frameworks */,
				43395D87286B9A4700F5AF10 /* Resources */,
			);
			buildRules = (
			);
			dependencies = (
				43395D8B286B9A4700F5AF10 /* PBXTargetDependency */,
			);
			name = rgbtohexUITests;
			productName = rgbtohexUITests;
			productReference = 43395D89286B9A4700F5AF10 /* rgbtohexUITests.xctest */;
			productType = "com.apple.product-type.bundle.ui-testing";
		};
/* End PBXNativeTarget section */

/* Begin PBXProject section */
		43395D61286B9A4500F5AF10 /* Project object */ = {
			isa = PBXProject;
			attributes = {
				BuildIndependentTargetsInParallel = 1;
				LastSwiftUpdateCheck = 1340;
				LastUpgradeCheck = 1340;
				TargetAttributes = {
					43395D68286B9A4500F5AF10 = {
						CreatedOnToolsVersion = 13.4.1;
					};
					43395D7E286B9A4700F5AF10 = {
						CreatedOnToolsVersion = 13.4.1;
						TestTargetID = 43395D68286B9A4500F5AF10;
					};
					43395D88286B9A4700F5AF10 = {
						CreatedOnToolsVersion = 13.4.1;
						TestTargetID = 43395D68286B9A4500F5AF10;
					};
				};
			};
			buildConfigurationList = 43395D64286B9A4500F5AF10 /* Build configuration list for PBXProject "rgbtohex" */;
			compatibilityVersion = "Xcode 13.0";
			developmentRegion = en;
			hasScannedForEncodings = 0;
			knownRegions = (
				en,
				Base,
			);
			mainGroup = 43395D60286B9A4500F5AF10;
			productRefGroup = 43395D6A286B9A4500F5AF10 /* Products */;
			projectDirPath = "";
			projectRoot = "";
			targets = (
				43395D68286B9A4500F5AF10 /* rgbtohex */,
				43395D7E286B9A4700F5AF10 /* rgbtohexTests */,
				43395D88286B9A4700F5AF10 /* rgbtohexUITests */,
			);
		};
/* End PBXProject section */

/* Begin PBXResourcesBuildPhase section */
		43395D67286B9A4500F5AF10 /* Resources */ = {
			isa = PBXResourcesBuildPhase;
			buildActionMask = 2147483647;
			files = (
				43395D79286B9A4700F5AF10 /* LaunchScreen.storyboard in Resources */,
				43395D76286B9A4700F5AF10 /* Assets.xcassets in Resources */,
				43395D74286B9A4500F5AF10 /* Main.storyboard in Resources */,
			);
			runOnlyForDeploymentPostprocessing = 0;
		};
		43395D7D286B9A4700F5AF10 /* Resources */ = {
			isa = PBXResourcesBuildPhase;
			buildActionMask = 2147483647;
			files = (
			);
			runOnlyForDeploymentPostprocessing = 0;
		};
		43395D87286B9A4700F5AF10 /* Resources */ = {
			isa = PBXResourcesBuildPhase;
			buildActionMask = 2147483647;
			files = (
			);
			runOnlyForDeploymentPostprocessing = 0;
		};
/* End PBXResourcesBuildPhase section */

/* Begin PBXSourcesBuildPhase section */
		43395D65286B9A4500F5AF10 /* Sources */ = {
			isa = PBXSourcesBuildPhase;
			buildActionMask = 2147483647;
			files = (
				43395D71286B9A4500F5AF10 /* ViewController.swift in Sources */,
				43395D6D286B9A4500F5AF10 /* AppDelegate.swift in Sources */,
				43395D6F286B9A4500F5AF10 /* SceneDelegate.swift in Sources */,
			);
			runOnlyForDeploymentPostprocessing = 0;
		};
		43395D7B286B9A4700F5AF10 /* Sources */ = {
			isa = PBXSourcesBuildPhase;
			buildActionMask = 2147483647;
			files = (
				43395D84286B9A4700F5AF10 /* rgbtohexTests.swift in Sources */,
			);
			runOnlyForDeploymentPostprocessing = 0;
		};
		43395D85286B9A4700F5AF10 /* Sources */ = {
			isa = PBXSourcesBuildPhase;
			buildActionMask = 2147483647;
			files = (
				43395D90286B9A4700F5AF10 /* rgbtohexUITestsLaunchTests.swift in Sources */,
				43395D8E286B9A4700F5AF10 /* rgbtohexUITests.swift in Sources */,
			);
			runOnlyForDeploymentPostprocessing = 0;
		};
/* End PBXSourcesBuildPhase section */

/* Begin PBXTargetDependency section */
		43395D81286B9A4700F5AF10 /* PBXTargetDependency */ = {
			isa = PBXTargetDependency;
			target = 43395D68286B9A4500F5AF10 /* rgbtohex */;
			targetProxy = 43395D80286B9A4700F5AF10 /* PBXContainerItemProxy */;
		};
		43395D8B286B9A4700F5AF10 /* PBXTargetDependency */ = {
			isa = PBXTargetDependency;
			target = 43395D68286B9A4500F5AF10 /* rgbtohex */;
			targetProxy = 43395D8A286B9A4700F5AF10 /* PBXContainerItemProxy */;
		};
/* End PBXTargetDependency section */

/* Begin PBXVariantGroup section */
		43395D72286B9A4500F5AF10 /* Main.storyboard */ = {
			isa = PBXVariantGroup;
			children = (
				43395D73286B9A4500F5AF10 /* Base */,
			);
			name = Main.storyboard;
			sourceTree = "<group>";
		};
		43395D77286B9A4700F5AF10 /* LaunchScreen.storyboard */ = {
			isa = PBXVariantGroup;
			children = (
				43395D78286B9A4700F5AF10 /* Base */,
			);
			name = LaunchScreen.storyboard;
			sourceTree = "<group>";
		};
/* End PBXVariantGroup section */

/* Begin XCBuildConfiguration section */
		43395D91286B9A4700F5AF10 /* Debug */ = {
			isa = XCBuildConfiguration;
			buildSettings = {
				ALWAYS_SEARCH_USER_PATHS = NO;
				CLANG_ANALYZER_NONNULL = YES;
				CLANG_ANALYZER_NUMBER_OBJECT_CONVERSION = YES_AGGRESSIVE;
				CLANG_CXX_LANGUAGE_STANDARD = "gnu++17";
				CLANG_ENABLE_MODULES = YES;
				CLANG_ENABLE_OBJC_ARC = YES;
				CLANG_ENABLE_OBJC_WEAK = YES;
				CLANG_WARN_BLOCK_CAPTURE_AUTORELEASING = YES;
				CLANG_WARN_BOOL_CONVERSION = YES;
				CLANG_WARN_COMMA = YES;
				CLANG_WARN_CONSTANT_CONVERSION = YES;
				CLANG_WARN_DEPRECATED_OBJC_IMPLEMENTATIONS = YES;
				CLANG_WARN_DIRECT_OBJC_ISA_USAGE = YES_ERROR;
				CLANG_WARN_DOCUMENTATION_COMMENTS = YES;
				CLANG_WARN_EMPTY_BODY = YES;
				CLANG_WARN_ENUM_CONVERSION = YES;
				CLANG_WARN_INFINITE_RECURSION = YES;
				CLANG_WARN_INT_CONVERSION = YES;
				CLANG_WARN_NON_LITERAL_NULL_CONVERSION = YES;
				CLANG_WARN_OBJC_IMPLICIT_RETAIN_SELF = YES;
				CLANG_WARN_OBJC_LITERAL_CONVERSION = YES;
				CLANG_WARN_OBJC_ROOT_CLASS = YES_ERROR;
				CLANG_WARN_QUOTED_INCLUDE_IN_FRAMEWORK_HEADER = YES;
				CLANG_WARN_RANGE_LOOP_ANALYSIS = YES;
				CLANG_WARN_STRICT_PROTOTYPES = YES;
				CLANG_WARN_SUSPICIOUS_MOVE = YES;
				CLANG_WARN_UNGUARDED_AVAILABILITY = YES_AGGRESSIVE;
				CLANG_WARN_UNREACHABLE_CODE = YES;
				CLANG_WARN__DUPLICATE_METHOD_MATCH = YES;
				COPY_PHASE_STRIP = NO;
				DEBUG_INFORMATION_FORMAT = dwarf;
				ENABLE_STRICT_OBJC_MSGSEND = YES;
				ENABLE_TESTABILITY = YES;
				GCC_C_LANGUAGE_STANDARD = gnu11;
				GCC_DYNAMIC_NO_PIC = NO;
				GCC_NO_COMMON_BLOCKS = YES;
				GCC_OPTIMIZATION_LEVEL = 0;
				GCC_PREPROCESSOR_DEFINITIONS = (
					"DEBUG=1",
					"$(inherited)",
				);
				GCC_WARN_64_TO_32_BIT_CONVERSION = YES;
				GCC_WARN_ABOUT_RETURN_TYPE = YES_ERROR;
				GCC_WARN_UNDECLARED_SELECTOR = YES;
				GCC_WARN_UNINITIALIZED_AUTOS = YES_AGGRESSIVE;
				GCC_WARN_UNUSED_FUNCTION = YES;
				GCC_WARN_UNUSED_VARIABLE = YES;
				IPHONEOS_DEPLOYMENT_TARGET = 15.5;
				MTL_ENABLE_DEBUG_INFO = INCLUDE_SOURCE;
				MTL_FAST_MATH = YES;
				ONLY_ACTIVE_ARCH = YES;
				SDKROOT = iphoneos;
				SWIFT_ACTIVE_COMPILATION_CONDITIONS = DEBUG;
				SWIFT_OPTIMIZATION_LEVEL = "-Onone";
			};
			name = Debug;
		};
		43395D92286B9A4700F5AF10 /* Release */ = {
			isa = XCBuildConfiguration;
			buildSettings = {
				ALWAYS_SEARCH_USER_PATHS = NO;
				CLANG_ANALYZER_NONNULL = YES;
				CLANG_ANALYZER_NUMBER_OBJECT_CONVERSION = YES_AGGRESSIVE;
				CLANG_CXX_LANGUAGE_STANDARD = "gnu++17";
				CLANG_ENABLE_MODULES = YES;
				CLANG_ENABLE_OBJC_ARC = YES;
				CLANG_ENABLE_OBJC_WEAK = YES;
				CLANG_WARN_BLOCK_CAPTURE_AUTORELEASING = YES;
				CLANG_WARN_BOOL_CONVERSION = YES;
				CLANG_WARN_COMMA = YES;
				CLANG_WARN_CONSTANT_CONVERSION = YES;
				CLANG_WARN_DEPRECATED_OBJC_IMPLEMENTATIONS = YES;
				CLANG_WARN_DIRECT_OBJC_ISA_USAGE = YES_ERROR;
				CLANG_WARN_DOCUMENTATION_COMMENTS = YES;
				CLANG_WARN_EMPTY_BODY = YES;
				CLANG_WARN_ENUM_CONVERSION = YES;
				CLANG_WARN_INFINITE_RECURSION = YES;
				CLANG_WARN_INT_CONVERSION = YES;
				CLANG_WARN_NON_LITERAL_NULL_CONVERSION = YES;
				CLANG_WARN_OBJC_IMPLICIT_RETAIN_SELF = YES;
				CLANG_WARN_OBJC_LITERAL_CONVERSION = YES;
				CLANG_WARN_OBJC_ROOT_CLASS = YES_ERROR;
				CLANG_WARN_QUOTED_INCLUDE_IN_FRAMEWORK_HEADER = YES;
				CLANG_WARN_RANGE_LOOP_ANALYSIS = YES;
				CLANG_WARN_STRICT_PROTOTYPES = YES;
				CLANG_WARN_SUSPICIOUS_MOVE = YES;
				CLANG_WARN_UNGUARDED_AVAILABILITY = YES_AGGRESSIVE;
				CLANG_WARN_UNREACHABLE_CODE = YES;
				CLANG_WARN__DUPLICATE_METHOD_MATCH = YES;
				COPY_PHASE_STRIP = NO;
				DEBUG_INFORMATION_FORMAT = "dwarf-with-dsym";
				ENABLE_NS_ASSERTIONS = NO;
				ENABLE_STRICT_OBJC_MSGSEND = YES;
				GCC_C_LANGUAGE_STANDARD = gnu11;
				GCC_NO_COMMON_BLOCKS = YES;
				GCC_WARN_64_TO_32_BIT_CONVERSION = YES;
				GCC_WARN_ABOUT_RETURN_TYPE = YES_ERROR;
				GCC_WARN_UNDECLARED_SELECTOR = YES;
				GCC_WARN_UNINITIALIZED_AUTOS = YES_AGGRESSIVE;
				GCC_WARN_UNUSED_FUNCTION = YES;
				GCC_WARN_UNUSED_VARIABLE = YES;
				IPHONEOS_DEPLOYMENT_TARGET = 15.5;
				MTL_ENABLE_DEBUG_INFO = NO;
				MTL_FAST_MATH = YES;
				SDKROOT = iphoneos;
				SWIFT_COMPILATION_MODE = wholemodule;
				SWIFT_OPTIMIZATION_LEVEL = "-O";
				VALIDATE_PRODUCT = YES;
			};
			name = Release;
		};
		43395D94286B9A4700F5AF10 /* Debug */ = {
			isa = XCBuildConfiguration;
			buildSettings = {
				ASSETCATALOG_COMPILER_APPICON_NAME = AppIcon;
				ASSETCATALOG_COMPILER_GLOBAL_ACCENT_COLOR_NAME = AccentColor;
				CODE_SIGN_STYLE = Automatic;
				CURRENT_PROJECT_VERSION = 1;
				DEVELOPMENT_TEAM = 8R7LYM727C;
				GENERATE_INFOPLIST_FILE = YES;
				INFOPLIST_FILE = rgbtohex/Info.plist;
				INFOPLIST_KEY_UIApplicationSupportsIndirectInputEvents = YES;
				INFOPLIST_KEY_UILaunchStoryboardName = LaunchScreen;
				INFOPLIST_KEY_UIMainStoryboardFile = Main;
				INFOPLIST_KEY_UISupportedInterfaceOrientations_iPad = "UIInterfaceOrientationPortrait UIInterfaceOrientationPortraitUpsideDown UIInterfaceOrientationLandscapeLeft UIInterfaceOrientationLandscapeRight";
				INFOPLIST_KEY_UISupportedInterfaceOrientations_iPhone = "UIInterfaceOrientationPortrait UIInterfaceOrientationLandscapeLeft UIInterfaceOrientationLandscapeRight";
				LD_RUNPATH_SEARCH_PATHS = (
					"$(inherited)",
					"@executable_path/Frameworks",
				);
				MARKETING_VERSION = 1.0;
				PRODUCT_BUNDLE_IDENTIFIER = "Ali-Erdem-Ko-kcik.rgbtohex";
				PRODUCT_NAME = "$(TARGET_NAME)";
				SWIFT_EMIT_LOC_STRINGS = YES;
				SWIFT_VERSION = 5.0;
				TARGETED_DEVICE_FAMILY = "1,2";
			};
			name = Debug;
		};
		43395D95286B9A4700F5AF10 /* Release */ = {
			isa = XCBuildConfiguration;
			buildSettings = {
				ASSETCATALOG_COMPILER_APPICON_NAME = AppIcon;
				ASSETCATALOG_COMPILER_GLOBAL_ACCENT_COLOR_NAME = AccentColor;
				CODE_SIGN_STYLE = Automatic;
				CURRENT_PROJECT_VERSION = 1;
				DEVELOPMENT_TEAM = 8R7LYM727C;
				GENERATE_INFOPLIST_FILE = YES;
				INFOPLIST_FILE = rgbtohex/Info.plist;
				INFOPLIST_KEY_UIApplicationSupportsIndirectInputEvents = YES;
				INFOPLIST_KEY_UILaunchStoryboardName = LaunchScreen;
				INFOPLIST_KEY_UIMainStoryboardFile = Main;
				INFOPLIST_KEY_UISupportedInterfaceOrientations_iPad = "UIInterfaceOrientationPortrait UIInterfaceOrientationPortraitUpsideDown UIInterfaceOrientationLandscapeLeft UIInterfaceOrientationLandscapeRight";
				INFOPLIST_KEY_UISupportedInterfaceOrientations_iPhone = "UIInterfaceOrientationPortrait UIInterfaceOrientationLandscapeLeft UIInterfaceOrientationLandscapeRight";
				LD_RUNPATH_SEARCH_PATHS = (
					"$(inherited)",
					"@executable_path/Frameworks",
				);
				MARKETING_VERSION = 1.0;
				PRODUCT_BUNDLE_IDENTIFIER = "Ali-Erdem-Ko-kcik.rgbtohex";
				PRODUCT_NAME = "$(TARGET_NAME)";
				SWIFT_EMIT_LOC_STRINGS = YES;
				SWIFT_VERSION = 5.0;
				TARGETED_DEVICE_FAMILY = "1,2";
			};
			name = Release;
		};
		43395D97286B9A4700F5AF10 /* Debug */ = {
			isa = XCBuildConfiguration;
			buildSettings = {
				ALWAYS_EMBED_SWIFT_STANDARD_LIBRARIES = YES;
				BUNDLE_LOADER = "$(TEST_HOST)";
				CODE_SIGN_STYLE = Automatic;
				CURRENT_PROJECT_VERSION = 1;
				GENERATE_INFOPLIST_FILE = YES;
				IPHONEOS_DEPLOYMENT_TARGET = 15.5;
				MARKETING_VERSION = 1.0;
				PRODUCT_BUNDLE_IDENTIFIER = "Ali-Erdem-Ko-kcik.rgbtohexTests";
				PRODUCT_NAME = "$(TARGET_NAME)";
				SWIFT_EMIT_LOC_STRINGS = NO;
				SWIFT_VERSION = 5.0;
				TARGETED_DEVICE_FAMILY = "1,2";
				TEST_HOST = "$(BUILT_PRODUCTS_DIR)/rgbtohex.app/rgbtohex";
			};
			name = Debug;
		};
		43395D98286B9A4700F5AF10 /* Release */ = {
			isa = XCBuildConfiguration;
			buildSettings = {
				ALWAYS_EMBED_SWIFT_STANDARD_LIBRARIES = YES;
				BUNDLE_LOADER = "$(TEST_HOST)";
				CODE_SIGN_STYLE = Automatic;
				CURRENT_PROJECT_VERSION = 1;
				GENERATE_INFOPLIST_FILE = YES;
				IPHONEOS_DEPLOYMENT_TARGET = 15.5;
				MARKETING_VERSION = 1.0;
				PRODUCT_BUNDLE_IDENTIFIER = "Ali-Erdem-Ko-kcik.rgbtohexTests";
				PRODUCT_NAME = "$(TARGET_NAME)";
				SWIFT_EMIT_LOC_STRINGS = NO;
				SWIFT_VERSION = 5.0;
				TARGETED_DEVICE_FAMILY = "1,2";
				TEST_HOST = "$(BUILT_PRODUCTS_DIR)/rgbtohex.app/rgbtohex";
			};
			name = Release;
		};
		43395D9A286B9A4700F5AF10 /* Debug */ = {
			isa = XCBuildConfiguration;
			buildSettings = {
				ALWAYS_EMBED_SWIFT_STANDARD_LIBRARIES = YES;
				CODE_SIGN_STYLE = Automatic;
				CURRENT_PROJECT_VERSION = 1;
				GENERATE_INFOPLIST_FILE = YES;
				MARKETING_VERSION = 1.0;
				PRODUCT_BUNDLE_IDENTIFIER = "Ali-Erdem-Ko-kcik.rgbtohexUITests";
				PRODUCT_NAME = "$(TARGET_NAME)";
				SWIFT_EMIT_LOC_STRINGS = NO;
				SWIFT_VERSION = 5.0;
				TARGETED_DEVICE_FAMILY = "1,2";
				TEST_TARGET_NAME = rgbtohex;
			};
			name = Debug;
		};
		43395D9B286B9A4700F5AF10 /* Release */ = {
			isa = XCBuildConfiguration;
			buildSettings = {
				ALWAYS_EMBED_SWIFT_STANDARD_LIBRARIES = YES;
				CODE_SIGN_STYLE = Automatic;
				CURRENT_PROJECT_VERSION = 1;
				GENERATE_INFOPLIST_FILE = YES;
				MARKETING_VERSION = 1.0;
				PRODUCT_BUNDLE_IDENTIFIER = "Ali-Erdem-Ko-kcik.rgbtohexUITests";
				PRODUCT_NAME = "$(TARGET_NAME)";
				SWIFT_EMIT_LOC_STRINGS = NO;
				SWIFT_VERSION = 5.0;
				TARGETED_DEVICE_FAMILY = "1,2";
				TEST_TARGET_NAME = rgbtohex;
			};
			name = Release;
		};
/* End XCBuildConfiguration section */

/* Begin XCConfigurationList section */
		43395D64286B9A4500F5AF10 /* Build configuration list for PBXProject "rgbtohex" */ = {
			isa = XCConfigurationList;
			buildConfigurations = (
				43395D91286B9A4700F5AF10 /* Debug */,
				43395D92286B9A4700F5AF10 /* Release */,
			);
			defaultConfigurationIsVisible = 0;
			defaultConfigurationName = Release;
		};
		43395D93286B9A4700F5AF10 /* Build configuration list for PBXNativeTarget "rgbtohex" */ = {
			isa = XCConfigurationList;
			buildConfigurations = (
				43395D94286B9A4700F5AF10 /* Debug */,
				43395D95286B9A4700F5AF10 /* Release */,
			);
			defaultConfigurationIsVisible = 0;
			defaultConfigurationName = Release;
		};
		43395D96286B9A4700F5AF10 /* Build configuration list for PBXNativeTarget "rgbtohexTests" */ = {
			isa = XCConfigurationList;
			buildConfigurations = (
				43395D97286B9A4700F5AF10 /* Debug */,
				43395D98286B9A4700F5AF10 /* Release */,
			);
			defaultConfigurationIsVisible = 0;
			defaultConfigurationName = Release;
		};
		43395D99286B9A4700F5AF10 /* Build configuration list for PBXNativeTarget "rgbtohexUITests" */ = {
			isa = XCConfigurationList;
			buildConfigurations = (
				43395D9A286B9A4700F5AF10 /* Debug */,
				43395D9B286B9A4700F5AF10 /* Release */,
			);
			defaultConfigurationIsVisible = 0;
			defaultConfigurationName = Release;
		};
/* End XCConfigurationList section */
	};
	rootObject = 43395D61286B9A4500F5AF10 /* Project object */;
}
